// !$*UTF8*$!
{
	archiveVersion = 1;
	classes = {
	};
	objectVersion = 50;
	objects = {

/* Begin PBXBuildFile section */
		1BD9FBEF22839D6B00C36991 /* AppDelegate.swift in Sources */ = {isa = PBXBuildFile; fileRef = 1BD9FBEE22839D6B00C36991 /* AppDelegate.swift */; };
		1BD9FBF122839D6B00C36991 /* ViewController.swift in Sources */ = {isa = PBXBuildFile; fileRef = 1BD9FBF022839D6B00C36991 /* ViewController.swift */; };
		1BD9FBF422839D6B00C36991 /* Main.storyboard in Resources */ = {isa = PBXBuildFile; fileRef = 1BD9FBF222839D6B00C36991 /* Main.storyboard */; };
		1BD9FBF622839D6D00C36991 /* Assets.xcassets in Resources */ = {isa = PBXBuildFile; fileRef = 1BD9FBF522839D6D00C36991 /* Assets.xcassets */; };
		1BD9FBF922839D6D00C36991 /* LaunchScreen.storyboard in Resources */ = {isa = PBXBuildFile; fileRef = 1BD9FBF722839D6D00C36991 /* LaunchScreen.storyboard */; };
		4CA251D0AABA3BE0114FDC0F /* Pods_CocoaPods_Test.framework in Frameworks */ = {isa = PBXBuildFile; fileRef = DBACA36AFAB7472386E74ED9 /* Pods_CocoaPods_Test.framework */; };
/* End PBXBuildFile section */

/* Begin PBXFileReference section */
		1BD9FBEB22839D6B00C36991 /* CocoaPods-Test.app */ = {isa = PBXFileReference; explicitFileType = wrapper.application; includeInIndex = 0; path = "CocoaPods-Test.app"; sourceTree = BUILT_PRODUCTS_DIR; };
		1BD9FBEE22839D6B00C36991 /* AppDelegate.swift */ = {isa = PBXFileReference; lastKnownFileType = sourcecode.swift; path = AppDelegate.swift; sourceTree = "<group>"; };
		1BD9FBF022839D6B00C36991 /* ViewController.swift */ = {isa = PBXFileReference; lastKnownFileType = sourcecode.swift; path = ViewController.swift; sourceTree = "<group>"; };
		1BD9FBF322839D6B00C36991 /* Base */ = {isa = PBXFileReference; lastKnownFileType = file.storyboard; name = Base; path = Base.lproj/Main.storyboard; sourceTree = "<group>"; };
		1BD9FBF522839D6D00C36991 /* Assets.xcassets */ = {isa = PBXFileReference; lastKnownFileType = folder.assetcatalog; path = Assets.xcassets; sourceTree = "<group>"; };
		1BD9FBF822839D6D00C36991 /* Base */ = {isa = PBXFileReference; lastKnownFileType = file.storyboard; name = Base; path = Base.lproj/LaunchScreen.storyboard; sourceTree = "<group>"; };
		1BD9FBFA22839D6D00C36991 /* Info.plist */ = {isa = PBXFileReference; lastKnownFileType = text.plist.xml; path = Info.plist; sourceTree = "<group>"; };
		71B7BD7B610D0A4946341A03 /* Pods-CocoaPods-Test.release.xcconfig */ = {isa = PBXFileReference; includeInIndex = 1; lastKnownFileType = text.xcconfig; name = "Pods-CocoaPods-Test.release.xcconfig"; path = "Target Support Files/Pods-CocoaPods-Test/Pods-CocoaPods-Test.release.xcconfig"; sourceTree = "<group>"; };
		DBACA36AFAB7472386E74ED9 /* Pods_CocoaPods_Test.framework */ = {isa = PBXFileReference; explicitFileType = wrapper.framework; includeInIndex = 0; path = Pods_CocoaPods_Test.framework; sourceTree = BUILT_PRODUCTS_DIR; };
		FD02A4363C94C0C34E8D180D /* Pods-CocoaPods-Test.debug.xcconfig */ = {isa = PBXFileReference; includeInIndex = 1; lastKnownFileType = text.xcconfig; name = "Pods-CocoaPods-Test.debug.xcconfig"; path = "Target Support Files/Pods-CocoaPods-Test/Pods-CocoaPods-Test.debug.xcconfig"; sourceTree = "<group>"; };
/* End PBXFileReference section */

/* Begin PBXFrameworksBuildPhase section */
		1BD9FBE822839D6B00C36991 /* Frameworks */ = {
			isa = PBXFrameworksBuildPhase;
			buildActionMask = 2147483647;
			files = (
				4CA251D0AABA3BE0114FDC0F /* Pods_CocoaPods_Test.framework in Frameworks */,
			);
			runOnlyForDeploymentPostprocessing = 0;
		};
/* End PBXFrameworksBuildPhase section */

/* Begin PBXGroup section */
		1BD9FBE222839D6B00C36991 = {
			isa = PBXGroup;
			children = (
				1BD9FBED22839D6B00C36991 /* CocoaPods-Test */,
				1BD9FBEC22839D6B00C36991 /* Products */,
				C5A1F93C3F1DBFE8B3A45596 /* Pods */,
				8BD14A32C1B304D84386CFA7 /* Frameworks */,
			);
			sourceTree = "<group>";
		};
		1BD9FBEC22839D6B00C36991 /* Products */ = {
			isa = PBXGroup;
			children = (
				1BD9FBEB22839D6B00C36991 /* CocoaPods-Test.app */,
			);
			name = Products;
			sourceTree = "<group>";
		};
		1BD9FBED22839D6B00C36991 /* CocoaPods-Test */ = {
			isa = PBXGroup;
			children = (
				1BD9FBEE22839D6B00C36991 /* AppDelegate.swift */,
				1BD9FBF022839D6B00C36991 /* ViewController.swift */,
				1BD9FBF222839D6B00C36991 /* Main.storyboard */,
				1BD9FBF522839D6D00C36991 /* Assets.xcassets */,
				1BD9FBF722839D6D00C36991 /* LaunchScreen.storyboard */,
				1BD9FBFA22839D6D00C36991 /* Info.plist */,
			);
			path = "CocoaPods-Test";
			sourceTree = "<group>";
		};
		8BD14A32C1B304D84386CFA7 /* Frameworks */ = {
			isa = PBXGroup;
			children = (
				DBACA36AFAB7472386E74ED9 /* Pods_CocoaPods_Test.framework */,
			);
			name = Frameworks;
			sourceTree = "<group>";
		};
		C5A1F93C3F1DBFE8B3A45596 /* Pods */ = {
			isa = PBXGroup;
			children = (
				FD02A4363C94C0C34E8D180D /* Pods-CocoaPods-Test.debug.xcconfig */,
				71B7BD7B610D0A4946341A03 /* Pods-CocoaPods-Test.release.xcconfig */,
			);
			name = Pods;
			path = Pods;
			sourceTree = "<group>";
		};
/* End PBXGroup section */

/* Begin PBXNativeTarget section */
		1BD9FBEA22839D6B00C36991 /* CocoaPods-Test */ = {
			isa = PBXNativeTarget;
			buildConfigurationList = 1BD9FBFD22839D6D00C36991 /* Build configuration list for PBXNativeTarget "CocoaPods-Test" */;
			buildPhases = (
				9EE0FE9385F20B9B14A4D8D7 /* [CP] Check Pods Manifest.lock */,
				1BD9FBE722839D6B00C36991 /* Sources */,
				1BD9FBE822839D6B00C36991 /* Frameworks */,
				1BD9FBE922839D6B00C36991 /* Resources */,
				6DE3F98C34AC8460F2D00C86 /* [CP] Embed Pods Frameworks */,
			);
			buildRules = (
			);
			dependencies = (
			);
			name = "CocoaPods-Test";
			productName = "CocoaPods-Test";
			productReference = 1BD9FBEB22839D6B00C36991 /* CocoaPods-Test.app */;
			productType = "com.apple.product-type.application";
		};
/* End PBXNativeTarget section */

/* Begin PBXProject section */
		1BD9FBE322839D6B00C36991 /* Project object */ = {
			isa = PBXProject;
			attributes = {
				LastSwiftUpdateCheck = 1020;
				LastUpgradeCheck = 1020;
				ORGANIZATIONNAME = "고상원";
				TargetAttributes = {
					1BD9FBEA22839D6B00C36991 = {
						CreatedOnToolsVersion = 10.2;
					};
				};
			};
			buildConfigurationList = 1BD9FBE622839D6B00C36991 /* Build configuration list for PBXProject "CocoaPods-Test" */;
			compatibilityVersion = "Xcode 9.3";
			developmentRegion = en;
			hasScannedForEncodings = 0;
			knownRegions = (
				en,
				Base,
			);
			mainGroup = 1BD9FBE222839D6B00C36991;
			productRefGroup = 1BD9FBEC22839D6B00C36991 /* Products */;
			projectDirPath = "";
			projectRoot = "";
			targets = (
				1BD9FBEA22839D6B00C36991 /* CocoaPods-Test */,
			);
		};
/* End PBXProject section */

/* Begin PBXResourcesBuildPhase section */
		1BD9FBE922839D6B00C36991 /* Resources */ = {
			isa = PBXResourcesBuildPhase;
			buildActionMask = 2147483647;
			files = (
				1BD9FBF922839D6D00C36991 /* LaunchScreen.storyboard in Resources */,
				1BD9FBF622839D6D00C36991 /* Assets.xcassets in Resources */,
				1BD9FBF422839D6B00C36991 /* Main.storyboard in Resources */,
			);
			runOnlyForDeploymentPostprocessing = 0;
		};
/* End PBXResourcesBuildPhase section */

/* Begin PBXShellScriptBuildPhase section */
		6DE3F98C34AC8460F2D00C86 /* [CP] Embed Pods Frameworks */ = {
			isa = PBXShellScriptBuildPhase;
			buildActionMask = 2147483647;
			files = (
			);
			inputFileListPaths = (
			);
			inputPaths = (
				"${PODS_ROOT}/Target Support Files/Pods-CocoaPods-Test/Pods-CocoaPods-Test-frameworks.sh",
				"${BUILT_PRODUCTS_DIR}/ScrollableGraphView/ScrollableGraphView.framework",
			);
			name = "[CP] Embed Pods Frameworks";
			outputFileListPaths = (
			);
			outputPaths = (
				"${TARGET_BUILD_DIR}/${FRAMEWORKS_FOLDER_PATH}/ScrollableGraphView.framework",
			);
			runOnlyForDeploymentPostprocessing = 0;
			shellPath = /bin/sh;
			shellScript = "\"${PODS_ROOT}/Target Support Files/Pods-CocoaPods-Test/Pods-CocoaPods-Test-frameworks.sh\"\n";
			showEnvVarsInLog = 0;
		};
		9EE0FE9385F20B9B14A4D8D7 /* [CP] Check Pods Manifest.lock */ = {
			isa = PBXShellScriptBuildPhase;
			buildActionMask = 2147483647;
			files = (
			);
			inputFileListPaths = (
			);
			inputPaths = (
				"${PODS_PODFILE_DIR_PATH}/Podfile.lock",
				"${PODS_ROOT}/Manifest.lock",
			);
			name = "[CP] Check Pods Manifest.lock";
			outputFileListPaths = (
			);
			outputPaths = (
				"$(DERIVED_FILE_DIR)/Pods-CocoaPods-Test-checkManifestLockResult.txt",
			);
			runOnlyForDeploymentPostprocessing = 0;
			shellPath = /bin/sh;
			shellScript = "diff \"${PODS_PODFILE_DIR_PATH}/Podfile.lock\" \"${PODS_ROOT}/Manifest.lock\" > /dev/null\nif [ $? != 0 ] ; then\n    # print error to STDERR\n    echo \"error: The sandbox is not in sync with the Podfile.lock. Run 'pod install' or update your CocoaPods installation.\" >&2\n    exit 1\nfi\n# This output is used by Xcode 'outputs' to avoid re-running this script phase.\necho \"SUCCESS\" > \"${SCRIPT_OUTPUT_FILE_0}\"\n";
			showEnvVarsInLog = 0;
		};
/* End PBXShellScriptBuildPhase section */

/* Begin PBXSourcesBuildPhase section */
		1BD9FBE722839D6B00C36991 /* Sources */ = {
			isa = PBXSourcesBuildPhase;
			buildActionMask = 2147483647;
			files = (
				1BD9FBF122839D6B00C36991 /* ViewController.swift in Sources */,
				1BD9FBEF22839D6B00C36991 /* AppDelegate.swift in Sources */,
			);
			runOnlyForDeploymentPostprocessing = 0;
		};
/* End PBXSourcesBuildPhase section */

/* Begin PBXVariantGroup section */
		1BD9FBF222839D6B00C36991 /* Main.storyboard */ = {
			isa = PBXVariantGroup;
			children = (
				1BD9FBF322839D6B00C36991 /* Base */,
			);
			name = Main.storyboard;
			sourceTree = "<group>";
		};
		1BD9FBF722839D6D00C36991 /* LaunchScreen.storyboard */ = {
			isa = PBXVariantGroup;
			children = (
				1BD9FBF822839D6D00C36991 /* Base */,
			);
			name = LaunchScreen.storyboard;
			sourceTree = "<group>";
		};
/* End PBXVariantGroup section */

/* Begin XCBuildConfiguration section */
		1BD9FBFB22839D6D00C36991 /* Debug */ = {
			isa = XCBuildConfiguration;
			buildSettings = {
				ALWAYS_SEARCH_USER_PATHS = NO;
				CLANG_ANALYZER_NONNULL = YES;
				CLANG_ANALYZER_NUMBER_OBJECT_CONVERSION = YES_AGGRESSIVE;
				CLANG_CXX_LANGUAGE_STANDARD = "gnu++14";
				CLANG_CXX_LIBRARY = "libc++";
				CLANG_ENABLE_MODULES = YES;
				CLANG_ENABLE_OBJC_ARC = YES;
				CLANG_ENABLE_OBJC_WEAK = YES;
				CLANG_WARN_BLOCK_CAPTURE_AUTORELEASING = YES;
				CLANG_WARN_BOOL_CONVERSION = YES;
				CLANG_WARN_COMMA = YES;
				CLANG_WARN_CONSTANT_CONVERSION = YES;
				CLANG_WARN_DEPRECATED_OBJC_IMPLEMENTATIONS = YES;
				CLANG_WARN_DIRECT_OBJC_ISA_USAGE = YES_ERROR;
				CLANG_WARN_DOCUMENTATION_COMMENTS = YES;
				CLANG_WARN_EMPTY_BODY = YES;
				CLANG_WARN_ENUM_CONVERSION = YES;
				CLANG_WARN_INFINITE_RECURSION = YES;
				CLANG_WARN_INT_CONVERSION = YES;
				CLANG_WARN_NON_LITERAL_NULL_CONVERSION = YES;
				CLANG_WARN_OBJC_IMPLICIT_RETAIN_SELF = YES;
				CLANG_WARN_OBJC_LITERAL_CONVERSION = YES;
				CLANG_WARN_OBJC_ROOT_CLASS = YES_ERROR;
				CLANG_WARN_RANGE_LOOP_ANALYSIS = YES;
				CLANG_WARN_STRICT_PROTOTYPES = YES;
				CLANG_WARN_SUSPICIOUS_MOVE = YES;
				CLANG_WARN_UNGUARDED_AVAILABILITY = YES_AGGRESSIVE;
				CLANG_WARN_UNREACHABLE_CODE = YES;
				CLANG_WARN__DUPLICATE_METHOD_MATCH = YES;
				CODE_SIGN_IDENTITY = "iPhone Developer";
				COPY_PHASE_STRIP = NO;
				DEBUG_INFORMATION_FORMAT = dwarf;
				ENABLE_STRICT_OBJC_MSGSEND = YES;
				ENABLE_TESTABILITY = YES;
				GCC_C_LANGUAGE_STANDARD = gnu11;
				GCC_DYNAMIC_NO_PIC = NO;
				GCC_NO_COMMON_BLOCKS = YES;
				GCC_OPTIMIZATION_LEVEL = 0;
				GCC_PREPROCESSOR_DEFINITIONS = (
					"DEBUG=1",
					"$(inherited)",
				);
				GCC_WARN_64_TO_32_BIT_CONVERSION = YES;
				GCC_WARN_ABOUT_RETURN_TYPE = YES_ERROR;
				GCC_WARN_UNDECLARED_SELECTOR = YES;
				GCC_WARN_UNINITIALIZED_AUTOS = YES_AGGRESSIVE;
				GCC_WARN_UNUSED_FUNCTION = YES;
				GCC_WARN_UNUSED_VARIABLE = YES;
				IPHONEOS_DEPLOYMENT_TARGET = 12.2;
				MTL_ENABLE_DEBUG_INFO = INCLUDE_SOURCE;
				MTL_FAST_MATH = YES;
				ONLY_ACTIVE_ARCH = YES;
				SDKROOT = iphoneos;
				SWIFT_ACTIVE_COMPILATION_CONDITIONS = DEBUG;
				SWIFT_OPTIMIZATION_LEVEL = "-Onone";
			};
			name = Debug;
		};
		1BD9FBFC22839D6D00C36991 /* Release */ = {
			isa = XCBuildConfiguration;
			buildSettings = {
				ALWAYS_SEARCH_USER_PATHS = NO;
				CLANG_ANALYZER_NONNULL = YES;
				CLANG_ANALYZER_NUMBER_OBJECT_CONVERSION = YES_AGGRESSIVE;
				CLANG_CXX_LANGUAGE_STANDARD = "gnu++14";
				CLANG_CXX_LIBRARY = "libc++";
				CLANG_ENABLE_MODULES = YES;
				CLANG_ENABLE_OBJC_ARC = YES;
				CLANG_ENABLE_OBJC_WEAK = YES;
				CLANG_WARN_BLOCK_CAPTURE_AUTORELEASING = YES;
				CLANG_WARN_BOOL_CONVERSION = YES;
				CLANG_WARN_COMMA = YES;
				CLANG_WARN_CONSTANT_CONVERSION = YES;
				CLANG_WARN_DEPRECATED_OBJC_IMPLEMENTATIONS = YES;
				CLANG_WARN_DIRECT_OBJC_ISA_USAGE = YES_ERROR;
				CLANG_WARN_DOCUMENTATION_COMMENTS = YES;
				CLANG_WARN_EMPTY_BODY = YES;
				CLANG_WARN_ENUM_CONVERSION = YES;
				CLANG_WARN_INFINITE_RECURSION = YES;
				CLANG_WARN_INT_CONVERSION = YES;
				CLANG_WARN_NON_LITERAL_NULL_CONVERSION = YES;
				CLANG_WARN_OBJC_IMPLICIT_RETAIN_SELF = YES;
				CLANG_WARN_OBJC_LITERAL_CONVERSION = YES;
				CLANG_WARN_OBJC_ROOT_CLASS = YES_ERROR;
				CLANG_WARN_RANGE_LOOP_ANALYSIS = YES;
				CLANG_WARN_STRICT_PROTOTYPES = YES;
				CLANG_WARN_SUSPICIOUS_MOVE = YES;
				CLANG_WARN_UNGUARDED_AVAILABILITY = YES_AGGRESSIVE;
				CLANG_WARN_UNREACHABLE_CODE = YES;
				CLANG_WARN__DUPLICATE_METHOD_MATCH = YES;
				CODE_SIGN_IDENTITY = "iPhone Developer";
				COPY_PHASE_STRIP = NO;
				DEBUG_INFORMATION_FORMAT = "dwarf-with-dsym";
				ENABLE_NS_ASSERTIONS = NO;
				ENABLE_STRICT_OBJC_MSGSEND = YES;
				GCC_C_LANGUAGE_STANDARD = gnu11;
				GCC_NO_COMMON_BLOCKS = YES;
				GCC_WARN_64_TO_32_BIT_CONVERSION = YES;
				GCC_WARN_ABOUT_RETURN_TYPE = YES_ERROR;
				GCC_WARN_UNDECLARED_SELECTOR = YES;
				GCC_WARN_UNINITIALIZED_AUTOS = YES_AGGRESSIVE;
				GCC_WARN_UNUSED_FUNCTION = YES;
				GCC_WARN_UNUSED_VARIABLE = YES;
				IPHONEOS_DEPLOYMENT_TARGET = 12.2;
				MTL_ENABLE_DEBUG_INFO = NO;
				MTL_FAST_MATH = YES;
				SDKROOT = iphoneos;
				SWIFT_COMPILATION_MODE = wholemodule;
				SWIFT_OPTIMIZATION_LEVEL = "-O";
				VALIDATE_PRODUCT = YES;
			};
			name = Release;
		};
		1BD9FBFE22839D6D00C36991 /* Debug */ = {
			isa = XCBuildConfiguration;
			baseConfigurationReference = FD02A4363C94C0C34E8D180D /* Pods-CocoaPods-Test.debug.xcconfig */;
			buildSettings = {
				ASSETCATALOG_COMPILER_APPICON_NAME = AppIcon;
				CODE_SIGN_STYLE = Automatic;
				INFOPLIST_FILE = "CocoaPods-Test/Info.plist";
				LD_RUNPATH_SEARCH_PATHS = (
					"$(inherited)",
					"@executable_path/Frameworks",
				);
				PRODUCT_BUNDLE_IDENTIFIER = "com.example.CocoaPods-Test";
				PRODUCT_NAME = "$(TARGET_NAME)";
				SWIFT_VERSION = 5.0;
				TARGETED_DEVICE_FAMILY = "1,2";
			};
			name = Debug;
		};
		1BD9FBFF22839D6D00C36991 /* Release */ = {
			isa = XCBuildConfiguration;
			baseConfigurationReference = 71B7BD7B610D0A4946341A03 /* Pods-CocoaPods-Test.release.xcconfig */;
			buildSettings = {
				ASSETCATALOG_COMPILER_APPICON_NAME = AppIcon;
				CODE_SIGN_STYLE = Automatic;
				INFOPLIST_FILE = "CocoaPods-Test/Info.plist";
				LD_RUNPATH_SEARCH_PATHS = (
					"$(inherited)",
					"@executable_path/Frameworks",
				);
				PRODUCT_BUNDLE_IDENTIFIER = "com.example.CocoaPods-Test";
				PRODUCT_NAME = "$(TARGET_NAME)";
				SWIFT_VERSION = 5.0;
				TARGETED_DEVICE_FAMILY = "1,2";
			};
			name = Release;
		};
/* End XCBuildConfiguration section */

/* Begin XCConfigurationList section */
		1BD9FBE622839D6B00C36991 /* Build configuration list for PBXProject "CocoaPods-Test" */ = {
			isa = XCConfigurationList;
			buildConfigurations = (
				1BD9FBFB22839D6D00C36991 /* Debug */,
				1BD9FBFC22839D6D00C36991 /* Release */,
			);
			defaultConfigurationIsVisible = 0;
			defaultConfigurationName = Release;
		};
		1BD9FBFD22839D6D00C36991 /* Build configuration list for PBXNativeTarget "CocoaPods-Test" */ = {
			isa = XCConfigurationList;
			buildConfigurations = (
				1BD9FBFE22839D6D00C36991 /* Debug */,
				1BD9FBFF22839D6D00C36991 /* Release */,
			);
			defaultConfigurationIsVisible = 0;
			defaultConfigurationName = Release;
		};
/* End XCConfigurationList section */
	};
	rootObject = 1BD9FBE322839D6B00C36991 /* Project object */;
}
